# Code generated by scarb DO NOT EDIT.
version = 1

[[package]]
name = "luminair_cairo_lib"
version = "0.1.0"
dependencies = [
 "orion_numbers",
]

[[package]]
name = "max_reduce"
version = "0.1.0"
dependencies = [
 "luminair_cairo_lib",
 "orion_numbers",
]

[[package]]
name = "orion_numbers"
version = "0.1.0"
source = "git+https://github.com/gizatechxyz/orion.git?rev=9a2db04#9a2db04a8f9b3ca29add278909adf239d78f6ff4"
